
Microsoft Visual Studio Solution File, Format Version 12.00
# Visual Studio Version 16
VisualStudioVersion = 16.0.30611.23
MinimumVisualStudioVersion = 10.0.40219.1
Project("{2150E333-8FDC-42A3-9474-1A3956D46DE8}") = "src", "src", "{9DECFB44-C3EB-4CF5-9131-FD708EBC6005}"
EndProject
Project("{2150E333-8FDC-42A3-9474-1A3956D46DE8}") = "tests", "tests", "{507BBAB1-138B-4C04-9625-D55CB7CDD380}"
EndProject
Project("{2150E333-8FDC-42A3-9474-1A3956D46DE8}") = "Api", "Api", "{63D3B26E-B5FC-4A82-A19C-546C23BD9AD3}"
EndProject
Project("{2150E333-8FDC-42A3-9474-1A3956D46DE8}") = "Core", "Core", "{68A73A20-9528-474B-834A-432CE631C496}"
EndProject
Project("{2150E333-8FDC-42A3-9474-1A3956D46DE8}") = "Infrastructure", "Infrastructure", "{E43DFC31-D8D7-4226-B25C-13763F81CA8C}"
EndProject
Project("{9A19103F-16F7-4668-BE54-9A1E7A4F7556}") = "PersonsApp.Domain", "PersonsApp.Domain\PersonsApp.Domain.csproj", "{C1AD01A5-D9E5-4EA1-BD5C-E8477108973A}"
EndProject
Project("{9A19103F-16F7-4668-BE54-9A1E7A4F7556}") = "PersonsApp.Application", "PersonsApp.Application\PersonsApp.Application.csproj", "{9B93186E-6704-4E64-87C8-C2F45FE3ACD2}"
EndProject
Project("{9A19103F-16F7-4668-BE54-9A1E7A4F7556}") = "PersonsApp.Persistence", "PersonsApp.Persistence\PersonsApp.Persistence.csproj", "{88C5A21C-0D4E-46DF-BD09-43EC29D22938}"
EndProject
Project("{FAE04EC0-301F-11D3-BF4B-00C04F79EFBC}") = "PersonsApp.Api", "PersonsApp.Api\PersonsApp.Api.csproj", "{5745F73D-F749-408D-A6FC-8D14BB720594}"
EndProject
Global
	GlobalSection(SolutionConfigurationPlatforms) = preSolution
		Debug|Any CPU = Debug|Any CPU
		Release|Any CPU = Release|Any CPU
	EndGlobalSection
	GlobalSection(ProjectConfigurationPlatforms) = postSolution
		{C1AD01A5-D9E5-4EA1-BD5C-E8477108973A}.Debug|Any CPU.ActiveCfg = Debug|Any CPU
		{C1AD01A5-D9E5-4EA1-BD5C-E8477108973A}.Debug|Any CPU.Build.0 = Debug|Any CPU
		{C1AD01A5-D9E5-4EA1-BD5C-E8477108973A}.Release|Any CPU.ActiveCfg = Release|Any CPU
		{C1AD01A5-D9E5-4EA1-BD5C-E8477108973A}.Release|Any CPU.Build.0 = Release|Any CPU
		{9B93186E-6704-4E64-87C8-C2F45FE3ACD2}.Debug|Any CPU.ActiveCfg = Debug|Any CPU
		{9B93186E-6704-4E64-87C8-C2F45FE3ACD2}.Debug|Any CPU.Build.0 = Debug|Any CPU
		{9B93186E-6704-4E64-87C8-C2F45FE3ACD2}.Release|Any CPU.ActiveCfg = Release|Any CPU
		{9B93186E-6704-4E64-87C8-C2F45FE3ACD2}.Release|Any CPU.Build.0 = Release|Any CPU
		{88C5A21C-0D4E-46DF-BD09-43EC29D22938}.Debug|Any CPU.ActiveCfg = Debug|Any CPU
		{88C5A21C-0D4E-46DF-BD09-43EC29D22938}.Debug|Any CPU.Build.0 = Debug|Any CPU
		{88C5A21C-0D4E-46DF-BD09-43EC29D22938}.Release|Any CPU.ActiveCfg = Release|Any CPU
		{88C5A21C-0D4E-46DF-BD09-43EC29D22938}.Release|Any CPU.Build.0 = Release|Any CPU
		{5745F73D-F749-408D-A6FC-8D14BB720594}.Debug|Any CPU.ActiveCfg = Debug|Any CPU
		{5745F73D-F749-408D-A6FC-8D14BB720594}.Debug|Any CPU.Build.0 = Debug|Any CPU
		{5745F73D-F749-408D-A6FC-8D14BB720594}.Release|Any CPU.ActiveCfg = Release|Any CPU
		{5745F73D-F749-408D-A6FC-8D14BB720594}.Release|Any CPU.Build.0 = Release|Any CPU
	EndGlobalSection
	GlobalSection(SolutionProperties) = preSolution
		HideSolutionNode = FALSE
	EndGlobalSection
	GlobalSection(NestedProjects) = preSolution
		{63D3B26E-B5FC-4A82-A19C-546C23BD9AD3} = {9DECFB44-C3EB-4CF5-9131-FD708EBC6005}
		{68A73A20-9528-474B-834A-432CE631C496} = {9DECFB44-C3EB-4CF5-9131-FD708EBC6005}
		{E43DFC31-D8D7-4226-B25C-13763F81CA8C} = {9DECFB44-C3EB-4CF5-9131-FD708EBC6005}
		{C1AD01A5-D9E5-4EA1-BD5C-E8477108973A} = {68A73A20-9528-474B-834A-432CE631C496}
		{9B93186E-6704-4E64-87C8-C2F45FE3ACD2} = {68A73A20-9528-474B-834A-432CE631C496}
		{88C5A21C-0D4E-46DF-BD09-43EC29D22938} = {E43DFC31-D8D7-4226-B25C-13763F81CA8C}
		{5745F73D-F749-408D-A6FC-8D14BB720594} = {63D3B26E-B5FC-4A82-A19C-546C23BD9AD3}
	EndGlobalSection
	GlobalSection(ExtensibilityGlobals) = postSolution
		SolutionGuid = {6415AB3E-0567-41ED-869C-FAE84013B887}
	EndGlobalSection
EndGlobal
